
Microsoft Visual Studio Solution File, Format Version 12.00
# Visual Studio 14
VisualStudioVersion = 14.0.25420.1
MinimumVisualStudioVersion = 10.0.40219.1
Project("{FAE04EC0-301F-11D3-BF4B-00C04F79EFBC}") = "MicrosoftImageCrawler", "MicrosoftImageCrawler\MicrosoftImageCrawler.csproj", "{23335B60-3054-47B7-AC2B-D2F29C977FFF}"
EndProject
Global
	GlobalSection(SolutionConfigurationPlatforms) = preSolution
		Debug|Any CPU = Debug|Any CPU
		Release|Any CPU = Release|Any CPU
	EndGlobalSection
	GlobalSection(ProjectConfigurationPlatforms) = postSolution
		{23335B60-3054-47B7-AC2B-D2F29C977FFF}.Debug|Any CPU.ActiveCfg = Debug|Any CPU
		{23335B60-3054-47B7-AC2B-D2F29C977FFF}.Debug|Any CPU.Build.0 = Debug|Any CPU
		{23335B60-3054-47B7-AC2B-D2F29C977FFF}.Release|Any CPU.ActiveCfg = Release|Any CPU
		{23335B60-3054-47B7-AC2B-D2F29C977FFF}.Release|Any CPU.Build.0 = Release|Any CPU
	EndGlobalSection
	GlobalSection(SolutionProperties) = preSolution
		HideSolutionNode = FALSE
	EndGlobalSection
EndGlobal
